
Microsoft Visual Studio Solution File, Format Version 12.00
# Visual Studio 15
VisualStudioVersion = 15.0.35213.121
MinimumVisualStudioVersion = 10.0.40219.1
Project("{FAE04EC0-301F-11D3-BF4B-00C04F79EFBC}") = "WindowsFormsApp7", "WindowsFormsApp7\WindowsFormsApp7.csproj", "{86492A08-F89C-48BA-AD24-A7AAF05720EC}"
EndProject
Global
	GlobalSection(SolutionConfigurationPlatforms) = preSolution
		Debug|Any CPU = Debug|Any CPU
		Release|Any CPU = Release|Any CPU
	EndGlobalSection
	GlobalSection(ProjectConfigurationPlatforms) = postSolution
		{86492A08-F89C-48BA-AD24-A7AAF05720EC}.Debug|Any CPU.ActiveCfg = Debug|Any CPU
		{86492A08-F89C-48BA-AD24-A7AAF05720EC}.Debug|Any CPU.Build.0 = Debug|Any CPU
		{86492A08-F89C-48BA-AD24-A7AAF05720EC}.Release|Any CPU.ActiveCfg = Release|Any CPU
		{86492A08-F89C-48BA-AD24-A7AAF05720EC}.Release|Any CPU.Build.0 = Release|Any CPU
	EndGlobalSection
	GlobalSection(SolutionProperties) = preSolution
		HideSolutionNode = FALSE
	EndGlobalSection
	GlobalSection(ExtensibilityGlobals) = postSolution
		SolutionGuid = {F24CF683-B227-4BC2-BAA4-9041A868A08A}
	EndGlobalSection
EndGlobal
